// !$*UTF8*$!
{
	archiveVersion = 1;
	classes = {
	};
	objectVersion = 56;
	objects = {

/* Begin PBXBuildFile section */
		F4BEE9D12BA1DE6100D3583D /* Reducer.swift in Sources */ = {isa = PBXBuildFile; fileRef = F4BEE9CD2BA1DE6000D3583D /* Reducer.swift */; };
		F4BEE9D22BA1DE6100D3583D /* State.swift in Sources */ = {isa = PBXBuildFile; fileRef = F4BEE9CE2BA1DE6100D3583D /* State.swift */; };
		F4BEE9D32BA1DE6100D3583D /* Action.swift in Sources */ = {isa = PBXBuildFile; fileRef = F4BEE9CF2BA1DE6100D3583D /* Action.swift */; };
		F4BEE9D42BA1DE6100D3583D /* Store.swift in Sources */ = {isa = PBXBuildFile; fileRef = F4BEE9D02BA1DE6100D3583D /* Store.swift */; };
		F4BEE9DA2BA1DF1A00D3583D /* MainScreenState.swift in Sources */ = {isa = PBXBuildFile; fileRef = F4BEE9D92BA1DF1A00D3583D /* MainScreenState.swift */; };
		F4BEE9DC2BA1DFC800D3583D /* MainScreenActions.swift in Sources */ = {isa = PBXBuildFile; fileRef = F4BEE9DB2BA1DFC800D3583D /* MainScreenActions.swift */; };
		F4BEE9E02BA1E02700D3583D /* MainScreenView.swift in Sources */ = {isa = PBXBuildFile; fileRef = F4BEE9DF2BA1E02700D3583D /* MainScreenView.swift */; };
		F4BEE9E32BA1E18E00D3583D /* AppState.swift in Sources */ = {isa = PBXBuildFile; fileRef = F4BEE9E22BA1E18E00D3583D /* AppState.swift */; };
		F4BEE9E52BA1E1D800D3583D /* AppAction.swift in Sources */ = {isa = PBXBuildFile; fileRef = F4BEE9E42BA1E1D800D3583D /* AppAction.swift */; };
		F4BEE9E72BA2197900D3583D /* ApiResponse.swift in Sources */ = {isa = PBXBuildFile; fileRef = F4BEE9E62BA2197900D3583D /* ApiResponse.swift */; };
		F4E5297C2BA2E27A005EC54F /* Colors.swift in Sources */ = {isa = PBXBuildFile; fileRef = F4E5297B2BA2E27A005EC54F /* Colors.swift */; };
		F4EAF0B22BA1A1B800F127A0 /* CryptoMonitorApp.swift in Sources */ = {isa = PBXBuildFile; fileRef = F4EAF0B12BA1A1B800F127A0 /* CryptoMonitorApp.swift */; };
		F4EAF0B42BA1A1B800F127A0 /* ContentView.swift in Sources */ = {isa = PBXBuildFile; fileRef = F4EAF0B32BA1A1B800F127A0 /* ContentView.swift */; };
		F4EAF0B62BA1A1B800F127A0 /* Item.swift in Sources */ = {isa = PBXBuildFile; fileRef = F4EAF0B52BA1A1B800F127A0 /* Item.swift */; };
		F4EAF0B82BA1A1B900F127A0 /* Assets.xcassets in Resources */ = {isa = PBXBuildFile; fileRef = F4EAF0B72BA1A1B900F127A0 /* Assets.xcassets */; };
		F4EAF0BB2BA1A1B900F127A0 /* Preview Assets.xcassets in Resources */ = {isa = PBXBuildFile; fileRef = F4EAF0BA2BA1A1B900F127A0 /* Preview Assets.xcassets */; };
		F4EAF0C52BA1A1B900F127A0 /* Crypto_MonitorTests.swift in Sources */ = {isa = PBXBuildFile; fileRef = F4EAF0C42BA1A1B900F127A0 /* Crypto_MonitorTests.swift */; };
		F4EAF0CF2BA1A1B900F127A0 /* Crypto_MonitorUITests.swift in Sources */ = {isa = PBXBuildFile; fileRef = F4EAF0CE2BA1A1B900F127A0 /* Crypto_MonitorUITests.swift */; };
		F4EAF0D12BA1A1B900F127A0 /* Crypto_MonitorUITestsLaunchTests.swift in Sources */ = {isa = PBXBuildFile; fileRef = F4EAF0D02BA1A1B900F127A0 /* Crypto_MonitorUITestsLaunchTests.swift */; };
		F4EAF0E32BA1A41500F127A0 /* AsyncAlgorithms in Frameworks */ = {isa = PBXBuildFile; productRef = F4EAF0E22BA1A41500F127A0 /* AsyncAlgorithms */; };
		F4EAF0EB2BA1A6AA00F127A0 /* Request.swift in Sources */ = {isa = PBXBuildFile; fileRef = F4EAF0EA2BA1A6AA00F127A0 /* Request.swift */; };
		F4EAF0EE2BA1A71A00F127A0 /* Alamofire in Frameworks */ = {isa = PBXBuildFile; productRef = F4EAF0ED2BA1A71A00F127A0 /* Alamofire */; };
		F4EAF0F12BA1A9EE00F127A0 /* BussinessLogicErrors.swift in Sources */ = {isa = PBXBuildFile; fileRef = F4EAF0F02BA1A9EE00F127A0 /* BussinessLogicErrors.swift */; };
		F4EAF0F32BA1B3EB00F127A0 /* CryptoMonitorService.swift in Sources */ = {isa = PBXBuildFile; fileRef = F4EAF0F22BA1B3EB00F127A0 /* CryptoMonitorService.swift */; };
		F4EAF0F52BA1B51F00F127A0 /* CryptoCurrencyModel.swift in Sources */ = {isa = PBXBuildFile; fileRef = F4EAF0F42BA1B51F00F127A0 /* CryptoCurrencyModel.swift */; };
/* End PBXBuildFile section */

/* Begin PBXContainerItemProxy section */
		F4EAF0C12BA1A1B900F127A0 /* PBXContainerItemProxy */ = {
			isa = PBXContainerItemProxy;
			containerPortal = F4EAF0A62BA1A1B800F127A0 /* Project object */;
			proxyType = 1;
			remoteGlobalIDString = F4EAF0AD2BA1A1B800F127A0;
			remoteInfo = "Crypto Monitor";
		};
		F4EAF0CB2BA1A1B900F127A0 /* PBXContainerItemProxy */ = {
			isa = PBXContainerItemProxy;
			containerPortal = F4EAF0A62BA1A1B800F127A0 /* Project object */;
			proxyType = 1;
			remoteGlobalIDString = F4EAF0AD2BA1A1B800F127A0;
			remoteInfo = "Crypto Monitor";
		};
/* End PBXContainerItemProxy section */

/* Begin PBXFileReference section */
		F4BEE9CD2BA1DE6000D3583D /* Reducer.swift */ = {isa = PBXFileReference; lastKnownFileType = sourcecode.swift; path = Reducer.swift; sourceTree = "<group>"; };
		F4BEE9CE2BA1DE6100D3583D /* State.swift */ = {isa = PBXFileReference; lastKnownFileType = sourcecode.swift; path = State.swift; sourceTree = "<group>"; };
		F4BEE9CF2BA1DE6100D3583D /* Action.swift */ = {isa = PBXFileReference; lastKnownFileType = sourcecode.swift; path = Action.swift; sourceTree = "<group>"; };
		F4BEE9D02BA1DE6100D3583D /* Store.swift */ = {isa = PBXFileReference; lastKnownFileType = sourcecode.swift; path = Store.swift; sourceTree = "<group>"; };
		F4BEE9D92BA1DF1A00D3583D /* MainScreenState.swift */ = {isa = PBXFileReference; lastKnownFileType = sourcecode.swift; path = MainScreenState.swift; sourceTree = "<group>"; };
		F4BEE9DB2BA1DFC800D3583D /* MainScreenActions.swift */ = {isa = PBXFileReference; lastKnownFileType = sourcecode.swift; path = MainScreenActions.swift; sourceTree = "<group>"; };
		F4BEE9DF2BA1E02700D3583D /* MainScreenView.swift */ = {isa = PBXFileReference; lastKnownFileType = sourcecode.swift; path = MainScreenView.swift; sourceTree = "<group>"; };
		F4BEE9E22BA1E18E00D3583D /* AppState.swift */ = {isa = PBXFileReference; lastKnownFileType = sourcecode.swift; path = AppState.swift; sourceTree = "<group>"; };
		F4BEE9E42BA1E1D800D3583D /* AppAction.swift */ = {isa = PBXFileReference; lastKnownFileType = sourcecode.swift; path = AppAction.swift; sourceTree = "<group>"; };
		F4BEE9E62BA2197900D3583D /* ApiResponse.swift */ = {isa = PBXFileReference; lastKnownFileType = sourcecode.swift; path = ApiResponse.swift; sourceTree = "<group>"; };
		F4E5297B2BA2E27A005EC54F /* Colors.swift */ = {isa = PBXFileReference; lastKnownFileType = sourcecode.swift; path = Colors.swift; sourceTree = "<group>"; };
		F4EAF0AE2BA1A1B800F127A0 /* Crypto Monitor.app */ = {isa = PBXFileReference; explicitFileType = wrapper.application; includeInIndex = 0; path = "Crypto Monitor.app"; sourceTree = BUILT_PRODUCTS_DIR; };
		F4EAF0B12BA1A1B800F127A0 /* CryptoMonitorApp.swift */ = {isa = PBXFileReference; lastKnownFileType = sourcecode.swift; path = CryptoMonitorApp.swift; sourceTree = "<group>"; };
		F4EAF0B32BA1A1B800F127A0 /* ContentView.swift */ = {isa = PBXFileReference; lastKnownFileType = sourcecode.swift; path = ContentView.swift; sourceTree = "<group>"; };
		F4EAF0B52BA1A1B800F127A0 /* Item.swift */ = {isa = PBXFileReference; lastKnownFileType = sourcecode.swift; path = Item.swift; sourceTree = "<group>"; };
		F4EAF0B72BA1A1B900F127A0 /* Assets.xcassets */ = {isa = PBXFileReference; lastKnownFileType = folder.assetcatalog; path = Assets.xcassets; sourceTree = "<group>"; };
		F4EAF0BA2BA1A1B900F127A0 /* Preview Assets.xcassets */ = {isa = PBXFileReference; lastKnownFileType = folder.assetcatalog; path = "Preview Assets.xcassets"; sourceTree = "<group>"; };
		F4EAF0C02BA1A1B900F127A0 /* Crypto MonitorTests.xctest */ = {isa = PBXFileReference; explicitFileType = wrapper.cfbundle; includeInIndex = 0; path = "Crypto MonitorTests.xctest"; sourceTree = BUILT_PRODUCTS_DIR; };
		F4EAF0C42BA1A1B900F127A0 /* Crypto_MonitorTests.swift */ = {isa = PBXFileReference; lastKnownFileType = sourcecode.swift; path = Crypto_MonitorTests.swift; sourceTree = "<group>"; };
		F4EAF0CA2BA1A1B900F127A0 /* Crypto MonitorUITests.xctest */ = {isa = PBXFileReference; explicitFileType = wrapper.cfbundle; includeInIndex = 0; path = "Crypto MonitorUITests.xctest"; sourceTree = BUILT_PRODUCTS_DIR; };
		F4EAF0CE2BA1A1B900F127A0 /* Crypto_MonitorUITests.swift */ = {isa = PBXFileReference; lastKnownFileType = sourcecode.swift; path = Crypto_MonitorUITests.swift; sourceTree = "<group>"; };
		F4EAF0D02BA1A1B900F127A0 /* Crypto_MonitorUITestsLaunchTests.swift */ = {isa = PBXFileReference; lastKnownFileType = sourcecode.swift; path = Crypto_MonitorUITestsLaunchTests.swift; sourceTree = "<group>"; };
		F4EAF0EA2BA1A6AA00F127A0 /* Request.swift */ = {isa = PBXFileReference; lastKnownFileType = sourcecode.swift; path = Request.swift; sourceTree = "<group>"; };
		F4EAF0F02BA1A9EE00F127A0 /* BussinessLogicErrors.swift */ = {isa = PBXFileReference; lastKnownFileType = sourcecode.swift; path = BussinessLogicErrors.swift; sourceTree = "<group>"; };
		F4EAF0F22BA1B3EB00F127A0 /* CryptoMonitorService.swift */ = {isa = PBXFileReference; lastKnownFileType = sourcecode.swift; path = CryptoMonitorService.swift; sourceTree = "<group>"; };
		F4EAF0F42BA1B51F00F127A0 /* CryptoCurrencyModel.swift */ = {isa = PBXFileReference; lastKnownFileType = sourcecode.swift; path = CryptoCurrencyModel.swift; sourceTree = "<group>"; };
/* End PBXFileReference section */

/* Begin PBXFrameworksBuildPhase section */
		F4EAF0AB2BA1A1B800F127A0 /* Frameworks */ = {
			isa = PBXFrameworksBuildPhase;
			buildActionMask = 2147483647;
			files = (
				F4EAF0E32BA1A41500F127A0 /* AsyncAlgorithms in Frameworks */,
				F4EAF0EE2BA1A71A00F127A0 /* Alamofire in Frameworks */,
			);
			runOnlyForDeploymentPostprocessing = 0;
		};
		F4EAF0BD2BA1A1B900F127A0 /* Frameworks */ = {
			isa = PBXFrameworksBuildPhase;
			buildActionMask = 2147483647;
			files = (
			);
			runOnlyForDeploymentPostprocessing = 0;
		};
		F4EAF0C72BA1A1B900F127A0 /* Frameworks */ = {
			isa = PBXFrameworksBuildPhase;
			buildActionMask = 2147483647;
			files = (
			);
			runOnlyForDeploymentPostprocessing = 0;
		};
/* End PBXFrameworksBuildPhase section */

/* Begin PBXGroup section */
		F4BEE9D52BA1DE6C00D3583D /* Arch */ = {
			isa = PBXGroup;
			children = (
				F4BEE9D62BA1DE7400D3583D /* Redux */,
			);
			path = Arch;
			sourceTree = "<group>";
		};
		F4BEE9D62BA1DE7400D3583D /* Redux */ = {
			isa = PBXGroup;
			children = (
				F4BEE9CF2BA1DE6100D3583D /* Action.swift */,
				F4BEE9CD2BA1DE6000D3583D /* Reducer.swift */,
				F4BEE9CE2BA1DE6100D3583D /* State.swift */,
				F4BEE9D02BA1DE6100D3583D /* Store.swift */,
			);
			path = Redux;
			sourceTree = "<group>";
		};
		F4BEE9D72BA1DF0200D3583D /* Screens */ = {
			isa = PBXGroup;
			children = (
				F4BEE9D82BA1DF0E00D3583D /* MainScreen */,
			);
			path = Screens;
			sourceTree = "<group>";
		};
		F4BEE9D82BA1DF0E00D3583D /* MainScreen */ = {
			isa = PBXGroup;
			children = (
				F4BEE9D92BA1DF1A00D3583D /* MainScreenState.swift */,
				F4BEE9DB2BA1DFC800D3583D /* MainScreenActions.swift */,
				F4BEE9DF2BA1E02700D3583D /* MainScreenView.swift */,
			);
			path = MainScreen;
			sourceTree = "<group>";
		};
		F4BEE9E12BA1E18100D3583D /* Redux */ = {
			isa = PBXGroup;
			children = (
				F4BEE9E22BA1E18E00D3583D /* AppState.swift */,
				F4BEE9E42BA1E1D800D3583D /* AppAction.swift */,
			);
			path = Redux;
			sourceTree = "<group>";
		};
		F4E5297A2BA2E26A005EC54F /* Utilites */ = {
			isa = PBXGroup;
			children = (
				F4E5297B2BA2E27A005EC54F /* Colors.swift */,
			);
			name = Utilites;
			sourceTree = "<group>";
		};
		F4EAF0A52BA1A1B800F127A0 = {
			isa = PBXGroup;
			children = (
				F4EAF0B02BA1A1B800F127A0 /* Crypto Monitor */,
				F4EAF0C32BA1A1B900F127A0 /* Crypto MonitorTests */,
				F4EAF0CD2BA1A1B900F127A0 /* Crypto MonitorUITests */,
				F4EAF0AF2BA1A1B800F127A0 /* Products */,
				F4EAF0EC2BA1A71A00F127A0 /* Frameworks */,
			);
			sourceTree = "<group>";
		};
		F4EAF0AF2BA1A1B800F127A0 /* Products */ = {
			isa = PBXGroup;
			children = (
				F4EAF0AE2BA1A1B800F127A0 /* Crypto Monitor.app */,
				F4EAF0C02BA1A1B900F127A0 /* Crypto MonitorTests.xctest */,
				F4EAF0CA2BA1A1B900F127A0 /* Crypto MonitorUITests.xctest */,
			);
			name = Products;
			sourceTree = "<group>";
		};
		F4EAF0B02BA1A1B800F127A0 /* Crypto Monitor */ = {
			isa = PBXGroup;
			children = (
				F4EAF0DD2BA1A2B100F127A0 /* App */,
				F4EAF0B72BA1A1B900F127A0 /* Assets.xcassets */,
				F4EAF0B92BA1A1B900F127A0 /* Preview Content */,
			);
			path = "Crypto Monitor";
			sourceTree = "<group>";
		};
		F4EAF0B92BA1A1B900F127A0 /* Preview Content */ = {
			isa = PBXGroup;
			children = (
				F4EAF0BA2BA1A1B900F127A0 /* Preview Assets.xcassets */,
			);
			path = "Preview Content";
			sourceTree = "<group>";
		};
		F4EAF0C32BA1A1B900F127A0 /* Crypto MonitorTests */ = {
			isa = PBXGroup;
			children = (
				F4EAF0C42BA1A1B900F127A0 /* Crypto_MonitorTests.swift */,
			);
			path = "Crypto MonitorTests";
			sourceTree = "<group>";
		};
		F4EAF0CD2BA1A1B900F127A0 /* Crypto MonitorUITests */ = {
			isa = PBXGroup;
			children = (
				F4EAF0CE2BA1A1B900F127A0 /* Crypto_MonitorUITests.swift */,
				F4EAF0D02BA1A1B900F127A0 /* Crypto_MonitorUITestsLaunchTests.swift */,
			);
			path = "Crypto MonitorUITests";
			sourceTree = "<group>";
		};
		F4EAF0DD2BA1A2B100F127A0 /* App */ = {
			isa = PBXGroup;
			children = (
				F4EAF0E42BA1A52300F127A0 /* App */,
				F4EAF0E02BA1A33F00F127A0 /* BusinessLogicLayer */,
				F4EAF0DF2BA1A2CB00F127A0 /* ModelLayer */,
				F4EAF0DE2BA1A2C600F127A0 /* UILayer */,
			);
			path = App;
			sourceTree = "<group>";
		};
		F4EAF0DE2BA1A2C600F127A0 /* UILayer */ = {
			isa = PBXGroup;
			children = (
				F4E5297A2BA2E26A005EC54F /* Utilites */,
				F4BEE9D52BA1DE6C00D3583D /* Arch */,
				F4BEE9D72BA1DF0200D3583D /* Screens */,
				F4EAF0B32BA1A1B800F127A0 /* ContentView.swift */,
			);
			path = UILayer;
			sourceTree = "<group>";
		};
		F4EAF0DF2BA1A2CB00F127A0 /* ModelLayer */ = {
			isa = PBXGroup;
			children = (
				F4EAF0B52BA1A1B800F127A0 /* Item.swift */,
				F4EAF0F42BA1B51F00F127A0 /* CryptoCurrencyModel.swift */,
				F4BEE9E62BA2197900D3583D /* ApiResponse.swift */,
			);
			path = ModelLayer;
			sourceTree = "<group>";
		};
		F4EAF0E02BA1A33F00F127A0 /* BusinessLogicLayer */ = {
			isa = PBXGroup;
			children = (
				F4EAF0EF2BA1A9E100F127A0 /* Errors */,
				F4EAF0E92BA1A63700F127A0 /* NetworkLayer */,
				F4EAF0F22BA1B3EB00F127A0 /* CryptoMonitorService.swift */,
			);
			path = BusinessLogicLayer;
			sourceTree = "<group>";
		};
		F4EAF0E42BA1A52300F127A0 /* App */ = {
			isa = PBXGroup;
			children = (
				F4BEE9E12BA1E18100D3583D /* Redux */,
				F4EAF0B12BA1A1B800F127A0 /* CryptoMonitorApp.swift */,
			);
			path = App;
			sourceTree = "<group>";
		};
		F4EAF0E92BA1A63700F127A0 /* NetworkLayer */ = {
			isa = PBXGroup;
			children = (
				F4EAF0EA2BA1A6AA00F127A0 /* Request.swift */,
			);
			path = NetworkLayer;
			sourceTree = "<group>";
		};
		F4EAF0EC2BA1A71A00F127A0 /* Frameworks */ = {
			isa = PBXGroup;
			children = (
			);
			name = Frameworks;
			sourceTree = "<group>";
		};
		F4EAF0EF2BA1A9E100F127A0 /* Errors */ = {
			isa = PBXGroup;
			children = (
				F4EAF0F02BA1A9EE00F127A0 /* BussinessLogicErrors.swift */,
			);
			path = Errors;
			sourceTree = "<group>";
		};
/* End PBXGroup section */

/* Begin PBXNativeTarget section */
		F4EAF0AD2BA1A1B800F127A0 /* Crypto Monitor */ = {
			isa = PBXNativeTarget;
			buildConfigurationList = F4EAF0D42BA1A1B900F127A0 /* Build configuration list for PBXNativeTarget "Crypto Monitor" */;
			buildPhases = (
				F4EAF0AA2BA1A1B800F127A0 /* Sources */,
				F4EAF0AB2BA1A1B800F127A0 /* Frameworks */,
				F4EAF0AC2BA1A1B800F127A0 /* Resources */,
			);
			buildRules = (
			);
			dependencies = (
			);
			name = "Crypto Monitor";
			packageProductDependencies = (
				F4EAF0E22BA1A41500F127A0 /* AsyncAlgorithms */,
				F4EAF0ED2BA1A71A00F127A0 /* Alamofire */,
			);
			productName = "Crypto Monitor";
			productReference = F4EAF0AE2BA1A1B800F127A0 /* Crypto Monitor.app */;
			productType = "com.apple.product-type.application";
		};
		F4EAF0BF2BA1A1B900F127A0 /* Crypto MonitorTests */ = {
			isa = PBXNativeTarget;
			buildConfigurationList = F4EAF0D72BA1A1B900F127A0 /* Build configuration list for PBXNativeTarget "Crypto MonitorTests" */;
			buildPhases = (
				F4EAF0BC2BA1A1B900F127A0 /* Sources */,
				F4EAF0BD2BA1A1B900F127A0 /* Frameworks */,
				F4EAF0BE2BA1A1B900F127A0 /* Resources */,
			);
			buildRules = (
			);
			dependencies = (
				F4EAF0C22BA1A1B900F127A0 /* PBXTargetDependency */,
			);
			name = "Crypto MonitorTests";
			productName = "Crypto MonitorTests";
			productReference = F4EAF0C02BA1A1B900F127A0 /* Crypto MonitorTests.xctest */;
			productType = "com.apple.product-type.bundle.unit-test";
		};
		F4EAF0C92BA1A1B900F127A0 /* Crypto MonitorUITests */ = {
			isa = PBXNativeTarget;
			buildConfigurationList = F4EAF0DA2BA1A1B900F127A0 /* Build configuration list for PBXNativeTarget "Crypto MonitorUITests" */;
			buildPhases = (
				F4EAF0C62BA1A1B900F127A0 /* Sources */,
				F4EAF0C72BA1A1B900F127A0 /* Frameworks */,
				F4EAF0C82BA1A1B900F127A0 /* Resources */,
			);
			buildRules = (
			);
			dependencies = (
				F4EAF0CC2BA1A1B900F127A0 /* PBXTargetDependency */,
			);
			name = "Crypto MonitorUITests";
			productName = "Crypto MonitorUITests";
			productReference = F4EAF0CA2BA1A1B900F127A0 /* Crypto MonitorUITests.xctest */;
			productType = "com.apple.product-type.bundle.ui-testing";
		};
/* End PBXNativeTarget section */

/* Begin PBXProject section */
		F4EAF0A62BA1A1B800F127A0 /* Project object */ = {
			isa = PBXProject;
			attributes = {
				BuildIndependentTargetsInParallel = 1;
				LastSwiftUpdateCheck = 1520;
				LastUpgradeCheck = 1520;
				TargetAttributes = {
					F4EAF0AD2BA1A1B800F127A0 = {
						CreatedOnToolsVersion = 15.2;
					};
					F4EAF0BF2BA1A1B900F127A0 = {
						CreatedOnToolsVersion = 15.2;
						TestTargetID = F4EAF0AD2BA1A1B800F127A0;
					};
					F4EAF0C92BA1A1B900F127A0 = {
						CreatedOnToolsVersion = 15.2;
						TestTargetID = F4EAF0AD2BA1A1B800F127A0;
					};
				};
			};
			buildConfigurationList = F4EAF0A92BA1A1B800F127A0 /* Build configuration list for PBXProject "CryptoMonitor" */;
			compatibilityVersion = "Xcode 14.0";
			developmentRegion = en;
			hasScannedForEncodings = 0;
			knownRegions = (
				en,
				Base,
			);
			mainGroup = F4EAF0A52BA1A1B800F127A0;
			packageReferences = (
				F4EAF0E12BA1A41400F127A0 /* XCRemoteSwiftPackageReference "swift-async-algorithms" */,
				F4EAF0E82BA1A60400F127A0 /* XCRemoteSwiftPackageReference "Alamofire" */,
			);
			productRefGroup = F4EAF0AF2BA1A1B800F127A0 /* Products */;
			projectDirPath = "";
			projectRoot = "";
			targets = (
				F4EAF0AD2BA1A1B800F127A0 /* Crypto Monitor */,
				F4EAF0BF2BA1A1B900F127A0 /* Crypto MonitorTests */,
				F4EAF0C92BA1A1B900F127A0 /* Crypto MonitorUITests */,
			);
		};
/* End PBXProject section */

/* Begin PBXResourcesBuildPhase section */
		F4EAF0AC2BA1A1B800F127A0 /* Resources */ = {
			isa = PBXResourcesBuildPhase;
			buildActionMask = 2147483647;
			files = (
				F4EAF0BB2BA1A1B900F127A0 /* Preview Assets.xcassets in Resources */,
				F4EAF0B82BA1A1B900F127A0 /* Assets.xcassets in Resources */,
			);
			runOnlyForDeploymentPostprocessing = 0;
		};
		F4EAF0BE2BA1A1B900F127A0 /* Resources */ = {
			isa = PBXResourcesBuildPhase;
			buildActionMask = 2147483647;
			files = (
			);
			runOnlyForDeploymentPostprocessing = 0;
		};
		F4EAF0C82BA1A1B900F127A0 /* Resources */ = {
			isa = PBXResourcesBuildPhase;
			buildActionMask = 2147483647;
			files = (
			);
			runOnlyForDeploymentPostprocessing = 0;
		};
/* End PBXResourcesBuildPhase section */

/* Begin PBXSourcesBuildPhase section */
		F4EAF0AA2BA1A1B800F127A0 /* Sources */ = {
			isa = PBXSourcesBuildPhase;
			buildActionMask = 2147483647;
			files = (
				F4BEE9D12BA1DE6100D3583D /* Reducer.swift in Sources */,
				F4E5297C2BA2E27A005EC54F /* Colors.swift in Sources */,
				F4BEE9D22BA1DE6100D3583D /* State.swift in Sources */,
				F4BEE9D32BA1DE6100D3583D /* Action.swift in Sources */,
				F4BEE9D42BA1DE6100D3583D /* Store.swift in Sources */,
				F4EAF0B42BA1A1B800F127A0 /* ContentView.swift in Sources */,
				F4EAF0F52BA1B51F00F127A0 /* CryptoCurrencyModel.swift in Sources */,
				F4BEE9E32BA1E18E00D3583D /* AppState.swift in Sources */,
				F4BEE9DA2BA1DF1A00D3583D /* MainScreenState.swift in Sources */,
				F4EAF0F12BA1A9EE00F127A0 /* BussinessLogicErrors.swift in Sources */,
				F4BEE9E52BA1E1D800D3583D /* AppAction.swift in Sources */,
				F4BEE9E72BA2197900D3583D /* ApiResponse.swift in Sources */,
				F4EAF0EB2BA1A6AA00F127A0 /* Request.swift in Sources */,
				F4BEE9E02BA1E02700D3583D /* MainScreenView.swift in Sources */,
				F4EAF0B62BA1A1B800F127A0 /* Item.swift in Sources */,
				F4EAF0B22BA1A1B800F127A0 /* CryptoMonitorApp.swift in Sources */,
				F4EAF0F32BA1B3EB00F127A0 /* CryptoMonitorService.swift in Sources */,
				F4BEE9DC2BA1DFC800D3583D /* MainScreenActions.swift in Sources */,
			);
			runOnlyForDeploymentPostprocessing = 0;
		};
		F4EAF0BC2BA1A1B900F127A0 /* Sources */ = {
			isa = PBXSourcesBuildPhase;
			buildActionMask = 2147483647;
			files = (
				F4EAF0C52BA1A1B900F127A0 /* Crypto_MonitorTests.swift in Sources */,
			);
			runOnlyForDeploymentPostprocessing = 0;
		};
		F4EAF0C62BA1A1B900F127A0 /* Sources */ = {
			isa = PBXSourcesBuildPhase;
			buildActionMask = 2147483647;
			files = (
				F4EAF0D12BA1A1B900F127A0 /* Crypto_MonitorUITestsLaunchTests.swift in Sources */,
				F4EAF0CF2BA1A1B900F127A0 /* Crypto_MonitorUITests.swift in Sources */,
			);
			runOnlyForDeploymentPostprocessing = 0;
		};
/* End PBXSourcesBuildPhase section */

/* Begin PBXTargetDependency section */
		F4EAF0C22BA1A1B900F127A0 /* PBXTargetDependency */ = {
			isa = PBXTargetDependency;
			target = F4EAF0AD2BA1A1B800F127A0 /* Crypto Monitor */;
			targetProxy = F4EAF0C12BA1A1B900F127A0 /* PBXContainerItemProxy */;
		};
		F4EAF0CC2BA1A1B900F127A0 /* PBXTargetDependency */ = {
			isa = PBXTargetDependency;
			target = F4EAF0AD2BA1A1B800F127A0 /* Crypto Monitor */;
			targetProxy = F4EAF0CB2BA1A1B900F127A0 /* PBXContainerItemProxy */;
		};
/* End PBXTargetDependency section */

/* Begin XCBuildConfiguration section */
		F4EAF0D22BA1A1B900F127A0 /* Debug */ = {
			isa = XCBuildConfiguration;
			buildSettings = {
				ALWAYS_SEARCH_USER_PATHS = NO;
				ASSETCATALOG_COMPILER_GENERATE_SWIFT_ASSET_SYMBOL_EXTENSIONS = YES;
				CLANG_ANALYZER_NONNULL = YES;
				CLANG_ANALYZER_NUMBER_OBJECT_CONVERSION = YES_AGGRESSIVE;
				CLANG_CXX_LANGUAGE_STANDARD = "gnu++20";
				CLANG_ENABLE_MODULES = YES;
				CLANG_ENABLE_OBJC_ARC = YES;
				CLANG_ENABLE_OBJC_WEAK = YES;
				CLANG_WARN_BLOCK_CAPTURE_AUTORELEASING = YES;
				CLANG_WARN_BOOL_CONVERSION = YES;
				CLANG_WARN_COMMA = YES;
				CLANG_WARN_CONSTANT_CONVERSION = YES;
				CLANG_WARN_DEPRECATED_OBJC_IMPLEMENTATIONS = YES;
				CLANG_WARN_DIRECT_OBJC_ISA_USAGE = YES_ERROR;
				CLANG_WARN_DOCUMENTATION_COMMENTS = YES;
				CLANG_WARN_EMPTY_BODY = YES;
				CLANG_WARN_ENUM_CONVERSION = YES;
				CLANG_WARN_INFINITE_RECURSION = YES;
				CLANG_WARN_INT_CONVERSION = YES;
				CLANG_WARN_NON_LITERAL_NULL_CONVERSION = YES;
				CLANG_WARN_OBJC_IMPLICIT_RETAIN_SELF = YES;
				CLANG_WARN_OBJC_LITERAL_CONVERSION = YES;
				CLANG_WARN_OBJC_ROOT_CLASS = YES_ERROR;
				CLANG_WARN_QUOTED_INCLUDE_IN_FRAMEWORK_HEADER = YES;
				CLANG_WARN_RANGE_LOOP_ANALYSIS = YES;
				CLANG_WARN_STRICT_PROTOTYPES = YES;
				CLANG_WARN_SUSPICIOUS_MOVE = YES;
				CLANG_WARN_UNGUARDED_AVAILABILITY = YES_AGGRESSIVE;
				CLANG_WARN_UNREACHABLE_CODE = YES;
				CLANG_WARN__DUPLICATE_METHOD_MATCH = YES;
				COPY_PHASE_STRIP = NO;
				DEBUG_INFORMATION_FORMAT = dwarf;
				ENABLE_STRICT_OBJC_MSGSEND = YES;
				ENABLE_TESTABILITY = YES;
				ENABLE_USER_SCRIPT_SANDBOXING = YES;
				GCC_C_LANGUAGE_STANDARD = gnu17;
				GCC_DYNAMIC_NO_PIC = NO;
				GCC_NO_COMMON_BLOCKS = YES;
				GCC_OPTIMIZATION_LEVEL = 0;
				GCC_PREPROCESSOR_DEFINITIONS = (
					"DEBUG=1",
					"$(inherited)",
				);
				GCC_WARN_64_TO_32_BIT_CONVERSION = YES;
				GCC_WARN_ABOUT_RETURN_TYPE = YES_ERROR;
				GCC_WARN_UNDECLARED_SELECTOR = YES;
				GCC_WARN_UNINITIALIZED_AUTOS = YES_AGGRESSIVE;
				GCC_WARN_UNUSED_FUNCTION = YES;
				GCC_WARN_UNUSED_VARIABLE = YES;
				IPHONEOS_DEPLOYMENT_TARGET = 17.2;
				LOCALIZATION_PREFERS_STRING_CATALOGS = YES;
				MTL_ENABLE_DEBUG_INFO = INCLUDE_SOURCE;
				MTL_FAST_MATH = YES;
				ONLY_ACTIVE_ARCH = YES;
				SDKROOT = iphoneos;
				SWIFT_ACTIVE_COMPILATION_CONDITIONS = "DEBUG $(inherited)";
				SWIFT_OPTIMIZATION_LEVEL = "-Onone";
			};
			name = Debug;
		};
		F4EAF0D32BA1A1B900F127A0 /* Release */ = {
			isa = XCBuildConfiguration;
			buildSettings = {
				ALWAYS_SEARCH_USER_PATHS = NO;
				ASSETCATALOG_COMPILER_GENERATE_SWIFT_ASSET_SYMBOL_EXTENSIONS = YES;
				CLANG_ANALYZER_NONNULL = YES;
				CLANG_ANALYZER_NUMBER_OBJECT_CONVERSION = YES_AGGRESSIVE;
				CLANG_CXX_LANGUAGE_STANDARD = "gnu++20";
				CLANG_ENABLE_MODULES = YES;
				CLANG_ENABLE_OBJC_ARC = YES;
				CLANG_ENABLE_OBJC_WEAK = YES;
				CLANG_WARN_BLOCK_CAPTURE_AUTORELEASING = YES;
				CLANG_WARN_BOOL_CONVERSION = YES;
				CLANG_WARN_COMMA = YES;
				CLANG_WARN_CONSTANT_CONVERSION = YES;
				CLANG_WARN_DEPRECATED_OBJC_IMPLEMENTATIONS = YES;
				CLANG_WARN_DIRECT_OBJC_ISA_USAGE = YES_ERROR;
				CLANG_WARN_DOCUMENTATION_COMMENTS = YES;
				CLANG_WARN_EMPTY_BODY = YES;
				CLANG_WARN_ENUM_CONVERSION = YES;
				CLANG_WARN_INFINITE_RECURSION = YES;
				CLANG_WARN_INT_CONVERSION = YES;
				CLANG_WARN_NON_LITERAL_NULL_CONVERSION = YES;
				CLANG_WARN_OBJC_IMPLICIT_RETAIN_SELF = YES;
				CLANG_WARN_OBJC_LITERAL_CONVERSION = YES;
				CLANG_WARN_OBJC_ROOT_CLASS = YES_ERROR;
				CLANG_WARN_QUOTED_INCLUDE_IN_FRAMEWORK_HEADER = YES;
				CLANG_WARN_RANGE_LOOP_ANALYSIS = YES;
				CLANG_WARN_STRICT_PROTOTYPES = YES;
				CLANG_WARN_SUSPICIOUS_MOVE = YES;
				CLANG_WARN_UNGUARDED_AVAILABILITY = YES_AGGRESSIVE;
				CLANG_WARN_UNREACHABLE_CODE = YES;
				CLANG_WARN__DUPLICATE_METHOD_MATCH = YES;
				COPY_PHASE_STRIP = NO;
				DEBUG_INFORMATION_FORMAT = "dwarf-with-dsym";
				ENABLE_NS_ASSERTIONS = NO;
				ENABLE_STRICT_OBJC_MSGSEND = YES;
				ENABLE_USER_SCRIPT_SANDBOXING = YES;
				GCC_C_LANGUAGE_STANDARD = gnu17;
				GCC_NO_COMMON_BLOCKS = YES;
				GCC_WARN_64_TO_32_BIT_CONVERSION = YES;
				GCC_WARN_ABOUT_RETURN_TYPE = YES_ERROR;
				GCC_WARN_UNDECLARED_SELECTOR = YES;
				GCC_WARN_UNINITIALIZED_AUTOS = YES_AGGRESSIVE;
				GCC_WARN_UNUSED_FUNCTION = YES;
				GCC_WARN_UNUSED_VARIABLE = YES;
				IPHONEOS_DEPLOYMENT_TARGET = 17.2;
				LOCALIZATION_PREFERS_STRING_CATALOGS = YES;
				MTL_ENABLE_DEBUG_INFO = NO;
				MTL_FAST_MATH = YES;
				SDKROOT = iphoneos;
				SWIFT_COMPILATION_MODE = wholemodule;
				VALIDATE_PRODUCT = YES;
			};
			name = Release;
		};
		F4EAF0D52BA1A1B900F127A0 /* Debug */ = {
			isa = XCBuildConfiguration;
			buildSettings = {
				ASSETCATALOG_COMPILER_APPICON_NAME = AppIcon;
				ASSETCATALOG_COMPILER_GLOBAL_ACCENT_COLOR_NAME = AccentColor;
				CODE_SIGN_STYLE = Automatic;
				CURRENT_PROJECT_VERSION = 1;
				DEVELOPMENT_ASSET_PATHS = "\"Crypto Monitor/Preview Content\"";
				DEVELOPMENT_TEAM = P5DPUTK2PP;
				ENABLE_PREVIEWS = YES;
				GENERATE_INFOPLIST_FILE = YES;
				INFOPLIST_KEY_UIApplicationSceneManifest_Generation = YES;
				INFOPLIST_KEY_UIApplicationSupportsIndirectInputEvents = YES;
				INFOPLIST_KEY_UILaunchScreen_Generation = YES;
				INFOPLIST_KEY_UISupportedInterfaceOrientations_iPad = "UIInterfaceOrientationPortrait UIInterfaceOrientationPortraitUpsideDown UIInterfaceOrientationLandscapeLeft UIInterfaceOrientationLandscapeRight";
				INFOPLIST_KEY_UISupportedInterfaceOrientations_iPhone = "UIInterfaceOrientationPortrait UIInterfaceOrientationLandscapeLeft UIInterfaceOrientationLandscapeRight";
				LD_RUNPATH_SEARCH_PATHS = (
					"$(inherited)",
					"@executable_path/Frameworks",
				);
				MARKETING_VERSION = 1.0;
				PRODUCT_BUNDLE_IDENTIFIER = "com.nspk.Crypto-Monitor";
				PRODUCT_NAME = "$(TARGET_NAME)";
				SWIFT_EMIT_LOC_STRINGS = YES;
				SWIFT_VERSION = 5.0;
				TARGETED_DEVICE_FAMILY = "1,2";
			};
			name = Debug;
		};
		F4EAF0D62BA1A1B900F127A0 /* Release */ = {
			isa = XCBuildConfiguration;
			buildSettings = {
				ASSETCATALOG_COMPILER_APPICON_NAME = AppIcon;
				ASSETCATALOG_COMPILER_GLOBAL_ACCENT_COLOR_NAME = AccentColor;
				CODE_SIGN_STYLE = Automatic;
				CURRENT_PROJECT_VERSION = 1;
				DEVELOPMENT_ASSET_PATHS = "\"Crypto Monitor/Preview Content\"";
				DEVELOPMENT_TEAM = P5DPUTK2PP;
				ENABLE_PREVIEWS = YES;
				GENERATE_INFOPLIST_FILE = YES;
				INFOPLIST_KEY_UIApplicationSceneManifest_Generation = YES;
				INFOPLIST_KEY_UIApplicationSupportsIndirectInputEvents = YES;
				INFOPLIST_KEY_UILaunchScreen_Generation = YES;
				INFOPLIST_KEY_UISupportedInterfaceOrientations_iPad = "UIInterfaceOrientationPortrait UIInterfaceOrientationPortraitUpsideDown UIInterfaceOrientationLandscapeLeft UIInterfaceOrientationLandscapeRight";
				INFOPLIST_KEY_UISupportedInterfaceOrientations_iPhone = "UIInterfaceOrientationPortrait UIInterfaceOrientationLandscapeLeft UIInterfaceOrientationLandscapeRight";
				LD_RUNPATH_SEARCH_PATHS = (
					"$(inherited)",
					"@executable_path/Frameworks",
				);
				MARKETING_VERSION = 1.0;
				PRODUCT_BUNDLE_IDENTIFIER = "com.nspk.Crypto-Monitor";
				PRODUCT_NAME = "$(TARGET_NAME)";
				SWIFT_EMIT_LOC_STRINGS = YES;
				SWIFT_VERSION = 5.0;
				TARGETED_DEVICE_FAMILY = "1,2";
			};
			name = Release;
		};
		F4EAF0D82BA1A1B900F127A0 /* Debug */ = {
			isa = XCBuildConfiguration;
			buildSettings = {
				ALWAYS_EMBED_SWIFT_STANDARD_LIBRARIES = YES;
				BUNDLE_LOADER = "$(TEST_HOST)";
				CODE_SIGN_STYLE = Automatic;
				CURRENT_PROJECT_VERSION = 1;
				DEVELOPMENT_TEAM = P5DPUTK2PP;
				GENERATE_INFOPLIST_FILE = YES;
				IPHONEOS_DEPLOYMENT_TARGET = 17.2;
				MARKETING_VERSION = 1.0;
				PRODUCT_BUNDLE_IDENTIFIER = "com.nspk.Crypto-MonitorTests";
				PRODUCT_NAME = "$(TARGET_NAME)";
				SWIFT_EMIT_LOC_STRINGS = NO;
				SWIFT_VERSION = 5.0;
				TARGETED_DEVICE_FAMILY = "1,2";
				TEST_HOST = "$(BUILT_PRODUCTS_DIR)/Crypto Monitor.app/$(BUNDLE_EXECUTABLE_FOLDER_PATH)/Crypto Monitor";
			};
			name = Debug;
		};
		F4EAF0D92BA1A1B900F127A0 /* Release */ = {
			isa = XCBuildConfiguration;
			buildSettings = {
				ALWAYS_EMBED_SWIFT_STANDARD_LIBRARIES = YES;
				BUNDLE_LOADER = "$(TEST_HOST)";
				CODE_SIGN_STYLE = Automatic;
				CURRENT_PROJECT_VERSION = 1;
				DEVELOPMENT_TEAM = P5DPUTK2PP;
				GENERATE_INFOPLIST_FILE = YES;
				IPHONEOS_DEPLOYMENT_TARGET = 17.2;
				MARKETING_VERSION = 1.0;
				PRODUCT_BUNDLE_IDENTIFIER = "com.nspk.Crypto-MonitorTests";
				PRODUCT_NAME = "$(TARGET_NAME)";
				SWIFT_EMIT_LOC_STRINGS = NO;
				SWIFT_VERSION = 5.0;
				TARGETED_DEVICE_FAMILY = "1,2";
				TEST_HOST = "$(BUILT_PRODUCTS_DIR)/Crypto Monitor.app/$(BUNDLE_EXECUTABLE_FOLDER_PATH)/Crypto Monitor";
			};
			name = Release;
		};
		F4EAF0DB2BA1A1B900F127A0 /* Debug */ = {
			isa = XCBuildConfiguration;
			buildSettings = {
				ALWAYS_EMBED_SWIFT_STANDARD_LIBRARIES = YES;
				CODE_SIGN_STYLE = Automatic;
				CURRENT_PROJECT_VERSION = 1;
				DEVELOPMENT_TEAM = P5DPUTK2PP;
				GENERATE_INFOPLIST_FILE = YES;
				MARKETING_VERSION = 1.0;
				PRODUCT_BUNDLE_IDENTIFIER = "com.nspk.Crypto-MonitorUITests";
				PRODUCT_NAME = "$(TARGET_NAME)";
				SWIFT_EMIT_LOC_STRINGS = NO;
				SWIFT_VERSION = 5.0;
				TARGETED_DEVICE_FAMILY = "1,2";
				TEST_TARGET_NAME = "Crypto Monitor";
			};
			name = Debug;
		};
		F4EAF0DC2BA1A1B900F127A0 /* Release */ = {
			isa = XCBuildConfiguration;
			buildSettings = {
				ALWAYS_EMBED_SWIFT_STANDARD_LIBRARIES = YES;
				CODE_SIGN_STYLE = Automatic;
				CURRENT_PROJECT_VERSION = 1;
				DEVELOPMENT_TEAM = P5DPUTK2PP;
				GENERATE_INFOPLIST_FILE = YES;
				MARKETING_VERSION = 1.0;
				PRODUCT_BUNDLE_IDENTIFIER = "com.nspk.Crypto-MonitorUITests";
				PRODUCT_NAME = "$(TARGET_NAME)";
				SWIFT_EMIT_LOC_STRINGS = NO;
				SWIFT_VERSION = 5.0;
				TARGETED_DEVICE_FAMILY = "1,2";
				TEST_TARGET_NAME = "Crypto Monitor";
			};
			name = Release;
		};
/* End XCBuildConfiguration section */

/* Begin XCConfigurationList section */
		F4EAF0A92BA1A1B800F127A0 /* Build configuration list for PBXProject "CryptoMonitor" */ = {
			isa = XCConfigurationList;
			buildConfigurations = (
				F4EAF0D22BA1A1B900F127A0 /* Debug */,
				F4EAF0D32BA1A1B900F127A0 /* Release */,
			);
			defaultConfigurationIsVisible = 0;
			defaultConfigurationName = Release;
		};
		F4EAF0D42BA1A1B900F127A0 /* Build configuration list for PBXNativeTarget "Crypto Monitor" */ = {
			isa = XCConfigurationList;
			buildConfigurations = (
				F4EAF0D52BA1A1B900F127A0 /* Debug */,
				F4EAF0D62BA1A1B900F127A0 /* Release */,
			);
			defaultConfigurationIsVisible = 0;
			defaultConfigurationName = Release;
		};
		F4EAF0D72BA1A1B900F127A0 /* Build configuration list for PBXNativeTarget "Crypto MonitorTests" */ = {
			isa = XCConfigurationList;
			buildConfigurations = (
				F4EAF0D82BA1A1B900F127A0 /* Debug */,
				F4EAF0D92BA1A1B900F127A0 /* Release */,
			);
			defaultConfigurationIsVisible = 0;
			defaultConfigurationName = Release;
		};
		F4EAF0DA2BA1A1B900F127A0 /* Build configuration list for PBXNativeTarget "Crypto MonitorUITests" */ = {
			isa = XCConfigurationList;
			buildConfigurations = (
				F4EAF0DB2BA1A1B900F127A0 /* Debug */,
				F4EAF0DC2BA1A1B900F127A0 /* Release */,
			);
			defaultConfigurationIsVisible = 0;
			defaultConfigurationName = Release;
		};
/* End XCConfigurationList section */

/* Begin XCRemoteSwiftPackageReference section */
		F4EAF0E12BA1A41400F127A0 /* XCRemoteSwiftPackageReference "swift-async-algorithms" */ = {
			isa = XCRemoteSwiftPackageReference;
			repositoryURL = "https://github.com/apple/swift-async-algorithms.git";
			requirement = {
				kind = upToNextMajorVersion;
				minimumVersion = 1.0.0;
			};
		};
		F4EAF0E82BA1A60400F127A0 /* XCRemoteSwiftPackageReference "Alamofire" */ = {
			isa = XCRemoteSwiftPackageReference;
			repositoryURL = "https://github.com/Alamofire/Alamofire.git";
			requirement = {
				kind = upToNextMajorVersion;
				minimumVersion = 5.9.0;
			};
		};
/* End XCRemoteSwiftPackageReference section */

/* Begin XCSwiftPackageProductDependency section */
		F4EAF0E22BA1A41500F127A0 /* AsyncAlgorithms */ = {
			isa = XCSwiftPackageProductDependency;
			package = F4EAF0E12BA1A41400F127A0 /* XCRemoteSwiftPackageReference "swift-async-algorithms" */;
			productName = AsyncAlgorithms;
		};
		F4EAF0ED2BA1A71A00F127A0 /* Alamofire */ = {
			isa = XCSwiftPackageProductDependency;
			package = F4EAF0E82BA1A60400F127A0 /* XCRemoteSwiftPackageReference "Alamofire" */;
			productName = Alamofire;
		};
/* End XCSwiftPackageProductDependency section */
	};
	rootObject = F4EAF0A62BA1A1B800F127A0 /* Project object */;
}
